// !$*UTF8*$!
{
	archiveVersion = 1;
	classes = {
	};
	objectVersion = 48;
	objects = {

/* Begin PBXBuildFile section */
		798CDDBA1FF2346500F128EB /* AppDelegate.swift in Sources */ = {isa = PBXBuildFile; fileRef = 798CDDB91FF2346500F128EB /* AppDelegate.swift */; };
		798CDDBC1FF2346500F128EB /* DocumentBrowserViewController.swift in Sources */ = {isa = PBXBuildFile; fileRef = 798CDDBB1FF2346500F128EB /* DocumentBrowserViewController.swift */; };
		798CDDBE1FF2346500F128EB /* DocumentViewController.swift in Sources */ = {isa = PBXBuildFile; fileRef = 798CDDBD1FF2346500F128EB /* DocumentViewController.swift */; };
		798CDDC01FF2346500F128EB /* Document.swift in Sources */ = {isa = PBXBuildFile; fileRef = 798CDDBF1FF2346500F128EB /* Document.swift */; };
		798CDDC31FF2346500F128EB /* Main.storyboard in Resources */ = {isa = PBXBuildFile; fileRef = 798CDDC11FF2346500F128EB /* Main.storyboard */; };
		798CDDC51FF2346500F128EB /* Assets.xcassets in Resources */ = {isa = PBXBuildFile; fileRef = 798CDDC41FF2346500F128EB /* Assets.xcassets */; };
		798CDDC81FF2346500F128EB /* LaunchScreen.storyboard in Resources */ = {isa = PBXBuildFile; fileRef = 798CDDC61FF2346500F128EB /* LaunchScreen.storyboard */; };
/* End PBXBuildFile section */

/* Begin PBXFileReference section */
		798CDDB61FF2346500F128EB /* DocumentAppExample.app */ = {isa = PBXFileReference; explicitFileType = wrapper.application; includeInIndex = 0; path = DocumentAppExample.app; sourceTree = BUILT_PRODUCTS_DIR; };
		798CDDB91FF2346500F128EB /* AppDelegate.swift */ = {isa = PBXFileReference; lastKnownFileType = sourcecode.swift; path = AppDelegate.swift; sourceTree = "<group>"; };
		798CDDBB1FF2346500F128EB /* DocumentBrowserViewController.swift */ = {isa = PBXFileReference; lastKnownFileType = sourcecode.swift; path = DocumentBrowserViewController.swift; sourceTree = "<group>"; };
		798CDDBD1FF2346500F128EB /* DocumentViewController.swift */ = {isa = PBXFileReference; lastKnownFileType = sourcecode.swift; path = DocumentViewController.swift; sourceTree = "<group>"; };
		798CDDBF1FF2346500F128EB /* Document.swift */ = {isa = PBXFileReference; lastKnownFileType = sourcecode.swift; path = Document.swift; sourceTree = "<group>"; };
		798CDDC21FF2346500F128EB /* Base */ = {isa = PBXFileReference; lastKnownFileType = file.storyboard; name = Base; path = Base.lproj/Main.storyboard; sourceTree = "<group>"; };
		798CDDC41FF2346500F128EB /* Assets.xcassets */ = {isa = PBXFileReference; lastKnownFileType = folder.assetcatalog; path = Assets.xcassets; sourceTree = "<group>"; };
		798CDDC71FF2346500F128EB /* Base */ = {isa = PBXFileReference; lastKnownFileType = file.storyboard; name = Base; path = Base.lproj/LaunchScreen.storyboard; sourceTree = "<group>"; };
		798CDDC91FF2346500F128EB /* Info.plist */ = {isa = PBXFileReference; lastKnownFileType = text.plist.xml; path = Info.plist; sourceTree = "<group>"; };
/* End PBXFileReference section */

/* Begin PBXFrameworksBuildPhase section */
		798CDDB31FF2346500F128EB /* Frameworks */ = {
			isa = PBXFrameworksBuildPhase;
			buildActionMask = 2147483647;
			files = (
			);
			runOnlyForDeploymentPostprocessing = 0;
		};
/* End PBXFrameworksBuildPhase section */

/* Begin PBXGroup section */
		798CDDAD1FF2346500F128EB = {
			isa = PBXGroup;
			children = (
				798CDDB81FF2346500F128EB /* DocumentAppExample */,
				798CDDB71FF2346500F128EB /* Products */,
			);
			sourceTree = "<group>";
		};
		798CDDB71FF2346500F128EB /* Products */ = {
			isa = PBXGroup;
			children = (
				798CDDB61FF2346500F128EB /* DocumentAppExample.app */,
			);
			name = Products;
			sourceTree = "<group>";
		};
		798CDDB81FF2346500F128EB /* DocumentAppExample */ = {
			isa = PBXGroup;
			children = (
				798CDDB91FF2346500F128EB /* AppDelegate.swift */,
				798CDDBB1FF2346500F128EB /* DocumentBrowserViewController.swift */,
				798CDDBD1FF2346500F128EB /* DocumentViewController.swift */,
				798CDDBF1FF2346500F128EB /* Document.swift */,
				798CDDC11FF2346500F128EB /* Main.storyboard */,
				798CDDC41FF2346500F128EB /* Assets.xcassets */,
				798CDDC61FF2346500F128EB /* LaunchScreen.storyboard */,
				798CDDC91FF2346500F128EB /* Info.plist */,
			);
			path = DocumentAppExample;
			sourceTree = "<group>";
		};
/* End PBXGroup section */

/* Begin PBXNativeTarget section */
		798CDDB51FF2346500F128EB /* DocumentAppExample */ = {
			isa = PBXNativeTarget;
			buildConfigurationList = 798CDDCC1FF2346500F128EB /* Build configuration list for PBXNativeTarget "DocumentAppExample" */;
			buildPhases = (
				798CDDB21FF2346500F128EB /* Sources */,
				798CDDB31FF2346500F128EB /* Frameworks */,
				798CDDB41FF2346500F128EB /* Resources */,
			);
			buildRules = (
			);
			dependencies = (
			);
			name = DocumentAppExample;
			productName = DocumentAppExample;
			productReference = 798CDDB61FF2346500F128EB /* DocumentAppExample.app */;
			productType = "com.apple.product-type.application";
		};
/* End PBXNativeTarget section */

/* Begin PBXProject section */
		798CDDAE1FF2346500F128EB /* Project object */ = {
			isa = PBXProject;
			attributes = {
				LastSwiftUpdateCheck = 0920;
				LastUpgradeCheck = 0920;
				ORGANIZATIONNAME = "Quoc Nguyen";
				TargetAttributes = {
					798CDDB51FF2346500F128EB = {
						CreatedOnToolsVersion = 9.2;
						ProvisioningStyle = Automatic;
					};
				};
			};
			buildConfigurationList = 798CDDB11FF2346500F128EB /* Build configuration list for PBXProject "DocumentAppExample" */;
			compatibilityVersion = "Xcode 8.0";
			developmentRegion = en;
			hasScannedForEncodings = 0;
			knownRegions = (
				en,
				Base,
			);
			mainGroup = 798CDDAD1FF2346500F128EB;
			productRefGroup = 798CDDB71FF2346500F128EB /* Products */;
			projectDirPath = "";
			projectRoot = "";
			targets = (
				798CDDB51FF2346500F128EB /* DocumentAppExample */,
			);
		};
/* End PBXProject section */

/* Begin PBXResourcesBuildPhase section */
		798CDDB41FF2346500F128EB /* Resources */ = {
			isa = PBXResourcesBuildPhase;
			buildActionMask = 2147483647;
			files = (
				798CDDC81FF2346500F128EB /* LaunchScreen.storyboard in Resources */,
				798CDDC51FF2346500F128EB /* Assets.xcassets in Resources */,
				798CDDC31FF2346500F128EB /* Main.storyboard in Resources */,
			);
			runOnlyForDeploymentPostprocessing = 0;
		};
/* End PBXResourcesBuildPhase section */

/* Begin PBXSourcesBuildPhase section */
		798CDDB21FF2346500F128EB /* Sources */ = {
			isa = PBXSourcesBuildPhase;
			buildActionMask = 2147483647;
			files = (
				798CDDC01FF2346500F128EB /* Document.swift in Sources */,
				798CDDBE1FF2346500F128EB /* DocumentViewController.swift in Sources */,
				798CDDBC1FF2346500F128EB /* DocumentBrowserViewController.swift in Sources */,
				798CDDBA1FF2346500F128EB /* AppDelegate.swift in Sources */,
			);
			runOnlyForDeploymentPostprocessing = 0;
		};
/* End PBXSourcesBuildPhase section */

/* Begin PBXVariantGroup section */
		798CDDC11FF2346500F128EB /* Main.storyboard */ = {
			isa = PBXVariantGroup;
			children = (
				798CDDC21FF2346500F128EB /* Base */,
			);
			name = Main.storyboard;
			sourceTree = "<group>";
		};
		798CDDC61FF2346500F128EB /* LaunchScreen.storyboard */ = {
			isa = PBXVariantGroup;
			children = (
				798CDDC71FF2346500F128EB /* Base */,
			);
			name = LaunchScreen.storyboard;
			sourceTree = "<group>";
		};
/* End PBXVariantGroup section */

/* Begin XCBuildConfiguration section */
		798CDDCA1FF2346500F128EB /* Debug */ = {
			isa = XCBuildConfiguration;
			buildSettings = {
				ALWAYS_SEARCH_USER_PATHS = NO;
				CLANG_ANALYZER_NONNULL = YES;
				CLANG_ANALYZER_NUMBER_OBJECT_CONVERSION = YES_AGGRESSIVE;
				CLANG_CXX_LANGUAGE_STANDARD = "gnu++14";
				CLANG_CXX_LIBRARY = "libc++";
				CLANG_ENABLE_MODULES = YES;
				CLANG_ENABLE_OBJC_ARC = YES;
				CLANG_WARN_BLOCK_CAPTURE_AUTORELEASING = YES;
				CLANG_WARN_BOOL_CONVERSION = YES;
				CLANG_WARN_COMMA = YES;
				CLANG_WARN_CONSTANT_CONVERSION = YES;
				CLANG_WARN_DIRECT_OBJC_ISA_USAGE = YES_ERROR;
				CLANG_WARN_DOCUMENTATION_COMMENTS = YES;
				CLANG_WARN_EMPTY_BODY = YES;
				CLANG_WARN_ENUM_CONVERSION = YES;
				CLANG_WARN_INFINITE_RECURSION = YES;
				CLANG_WARN_INT_CONVERSION = YES;
				CLANG_WARN_NON_LITERAL_NULL_CONVERSION = YES;
				CLANG_WARN_OBJC_LITERAL_CONVERSION = YES;
				CLANG_WARN_OBJC_ROOT_CLASS = YES_ERROR;
				CLANG_WARN_RANGE_LOOP_ANALYSIS = YES;
				CLANG_WARN_STRICT_PROTOTYPES = YES;
				CLANG_WARN_SUSPICIOUS_MOVE = YES;
				CLANG_WARN_UNGUARDED_AVAILABILITY = YES_AGGRESSIVE;
				CLANG_WARN_UNREACHABLE_CODE = YES;
				CLANG_WARN__DUPLICATE_METHOD_MATCH = YES;
				CODE_SIGN_IDENTITY = "iPhone Developer";
				COPY_PHASE_STRIP = NO;
				DEBUG_INFORMATION_FORMAT = dwarf;
				ENABLE_STRICT_OBJC_MSGSEND = YES;
				ENABLE_TESTABILITY = YES;
				GCC_C_LANGUAGE_STANDARD = gnu11;
				GCC_DYNAMIC_NO_PIC = NO;
				GCC_NO_COMMON_BLOCKS = YES;
				GCC_OPTIMIZATION_LEVEL = 0;
				GCC_PREPROCESSOR_DEFINITIONS = (
					"DEBUG=1",
					"$(inherited)",
				);
				GCC_WARN_64_TO_32_BIT_CONVERSION = YES;
				GCC_WARN_ABOUT_RETURN_TYPE = YES_ERROR;
				GCC_WARN_UNDECLARED_SELECTOR = YES;
				GCC_WARN_UNINITIALIZED_AUTOS = YES_AGGRESSIVE;
				GCC_WARN_UNUSED_FUNCTION = YES;
				GCC_WARN_UNUSED_VARIABLE = YES;
				IPHONEOS_DEPLOYMENT_TARGET = 11.2;
				MTL_ENABLE_DEBUG_INFO = YES;
				ONLY_ACTIVE_ARCH = YES;
				SDKROOT = iphoneos;
				SWIFT_ACTIVE_COMPILATION_CONDITIONS = DEBUG;
				SWIFT_OPTIMIZATION_LEVEL = "-Onone";
			};
			name = Debug;
		};
		798CDDCB1FF2346500F128EB /* Release */ = {
			isa = XCBuildConfiguration;
			buildSettings = {
				ALWAYS_SEARCH_USER_PATHS = NO;
				CLANG_ANALYZER_NONNULL = YES;
				CLANG_ANALYZER_NUMBER_OBJECT_CONVERSION = YES_AGGRESSIVE;
				CLANG_CXX_LANGUAGE_STANDARD = "gnu++14";
				CLANG_CXX_LIBRARY = "libc++";
				CLANG_ENABLE_MODULES = YES;
				CLANG_ENABLE_OBJC_ARC = YES;
				CLANG_WARN_BLOCK_CAPTURE_AUTORELEASING = YES;
				CLANG_WARN_BOOL_CONVERSION = YES;
				CLANG_WARN_COMMA = YES;
				CLANG_WARN_CONSTANT_CONVERSION = YES;
				CLANG_WARN_DIRECT_OBJC_ISA_USAGE = YES_ERROR;
				CLANG_WARN_DOCUMENTATION_COMMENTS = YES;
				CLANG_WARN_EMPTY_BODY = YES;
				CLANG_WARN_ENUM_CONVERSION = YES;
				CLANG_WARN_INFINITE_RECURSION = YES;
				CLANG_WARN_INT_CONVERSION = YES;
				CLANG_WARN_NON_LITERAL_NULL_CONVERSION = YES;
				CLANG_WARN_OBJC_LITERAL_CONVERSION = YES;
				CLANG_WARN_OBJC_ROOT_CLASS = YES_ERROR;
				CLANG_WARN_RANGE_LOOP_ANALYSIS = YES;
				CLANG_WARN_STRICT_PROTOTYPES = YES;
				CLANG_WARN_SUSPICIOUS_MOVE = YES;
				CLANG_WARN_UNGUARDED_AVAILABILITY = YES_AGGRESSIVE;
				CLANG_WARN_UNREACHABLE_CODE = YES;
				CLANG_WARN__DUPLICATE_METHOD_MATCH = YES;
				CODE_SIGN_IDENTITY = "iPhone Developer";
				COPY_PHASE_STRIP = NO;
				DEBUG_INFORMATION_FORMAT = "dwarf-with-dsym";
				ENABLE_NS_ASSERTIONS = NO;
				ENABLE_STRICT_OBJC_MSGSEND = YES;
				GCC_C_LANGUAGE_STANDARD = gnu11;
				GCC_NO_COMMON_BLOCKS = YES;
				GCC_WARN_64_TO_32_BIT_CONVERSION = YES;
				GCC_WARN_ABOUT_RETURN_TYPE = YES_ERROR;
				GCC_WARN_UNDECLARED_SELECTOR = YES;
				GCC_WARN_UNINITIALIZED_AUTOS = YES_AGGRESSIVE;
				GCC_WARN_UNUSED_FUNCTION = YES;
				GCC_WARN_UNUSED_VARIABLE = YES;
				IPHONEOS_DEPLOYMENT_TARGET = 11.2;
				MTL_ENABLE_DEBUG_INFO = NO;
				SDKROOT = iphoneos;
				SWIFT_OPTIMIZATION_LEVEL = "-Owholemodule";
				VALIDATE_PRODUCT = YES;
			};
			name = Release;
		};
		798CDDCD1FF2346500F128EB /* Debug */ = {
			isa = XCBuildConfiguration;
			buildSettings = {
				ASSETCATALOG_COMPILER_APPICON_NAME = AppIcon;
				CODE_SIGN_STYLE = Automatic;
				DEVELOPMENT_TEAM = P954B8KACQ;
				INFOPLIST_FILE = DocumentAppExample/Info.plist;
				IPHONEOS_DEPLOYMENT_TARGET = 11.0;
				LD_RUNPATH_SEARCH_PATHS = "$(inherited) @executable_path/Frameworks";
				PRODUCT_BUNDLE_IDENTIFIER = com.quocnb.DocumentAppExample;
				PRODUCT_NAME = "$(TARGET_NAME)";
				SWIFT_VERSION = 4.0;
				TARGETED_DEVICE_FAMILY = "1,2";
			};
			name = Debug;
		};
		798CDDCE1FF2346500F128EB /* Release */ = {
			isa = XCBuildConfiguration;
			buildSettings = {
				ASSETCATALOG_COMPILER_APPICON_NAME = AppIcon;
				CODE_SIGN_STYLE = Automatic;
				DEVELOPMENT_TEAM = P954B8KACQ;
				INFOPLIST_FILE = DocumentAppExample/Info.plist;
				IPHONEOS_DEPLOYMENT_TARGET = 11.0;
				LD_RUNPATH_SEARCH_PATHS = "$(inherited) @executable_path/Frameworks";
				PRODUCT_BUNDLE_IDENTIFIER = com.quocnb.DocumentAppExample;
				PRODUCT_NAME = "$(TARGET_NAME)";
				SWIFT_VERSION = 4.0;
				TARGETED_DEVICE_FAMILY = "1,2";
			};
			name = Release;
		};
/* End XCBuildConfiguration section */

/* Begin XCConfigurationList section */
		798CDDB11FF2346500F128EB /* Build configuration list for PBXProject "DocumentAppExample" */ = {
			isa = XCConfigurationList;
			buildConfigurations = (
				798CDDCA1FF2346500F128EB /* Debug */,
				798CDDCB1FF2346500F128EB /* Release */,
			);
			defaultConfigurationIsVisible = 0;
			defaultConfigurationName = Release;
		};
		798CDDCC1FF2346500F128EB /* Build configuration list for PBXNativeTarget "DocumentAppExample" */ = {
			isa = XCConfigurationList;
			buildConfigurations = (
				798CDDCD1FF2346500F128EB /* Debug */,
				798CDDCE1FF2346500F128EB /* Release */,
			);
			defaultConfigurationIsVisible = 0;
			defaultConfigurationName = Release;
		};
/* End XCConfigurationList section */
	};
	rootObject = 798CDDAE1FF2346500F128EB /* Project object */;
}
